PODS:
  - PINCache (3.0.1-beta.7):
    - PINCache/Arc-exception-safe (= 3.0.1-beta.7)
    - PINCache/Core (= 3.0.1-beta.7)
  - PINCache/Arc-exception-safe (3.0.1-beta.7):
    - PINCache/Core
  - PINCache/Core (3.0.1-beta.7):
    - PINOperation (~> 1.1.1)
  - PINOperation (1.1.1)
  - PINRemoteImage (3.0.0-beta.14):
    - PINRemoteImage/PINCache (= 3.0.0-beta.14)
  - PINRemoteImage/Core (3.0.0-beta.14):
    - PINOperation
  - PINRemoteImage/PINCache (3.0.0-beta.14):
    - PINCache (= 3.0.1-beta.7)
    - PINRemoteImage/Core

DEPENDENCIES:
  - PINRemoteImage (from `../../`)
  - PINRemoteImage/PINCache (from `../../`)

SPEC REPOS:
  https://github.com/cocoapods/specs.git:
    - PINCache
    - PINOperation

EXTERNAL SOURCES:
  PINRemoteImage:
    :path: "../../"

SPEC CHECKSUMS:
  PINCache: 7cb9ae068c8f655717f7c644ef1dff9fd573e979
  PINOperation: a6219e6fc9db9c269eb7a7b871ac193bcf400aac
  PINRemoteImage: 2143caa161db343d02ad1460c7e0fd97cd504092

PODFILE CHECKSUM: df78c095a932430d2b10035c6b419f636c5b232d

COCOAPODS: 1.5.3
